
Microsoft Visual Studio Solution File, Format Version 12.00
# Visual Studio Version 17
VisualStudioVersion = 17.5.002.0
MinimumVisualStudioVersion = 10.0.40219.1
Project("{9A19103F-16F7-4668-BE54-9A1E7A4F7556}") = "DesafioFundamentos", "DesafioFundamentos.csproj", "{DA371112-0F06-4C20-B937-B5919833DEF3}"
EndProject
Global
	GlobalSection(SolutionConfigurationPlatforms) = preSolution
		Debug|Any CPU = Debug|Any CPU
		Release|Any CPU = Release|Any CPU
	EndGlobalSection
	GlobalSection(ProjectConfigurationPlatforms) = postSolution
		{DA371112-0F06-4C20-B937-B5919833DEF3}.Debug|Any CPU.ActiveCfg = Debug|Any CPU
		{DA371112-0F06-4C20-B937-B5919833DEF3}.Debug|Any CPU.Build.0 = Debug|Any CPU
		{DA371112-0F06-4C20-B937-B5919833DEF3}.Release|Any CPU.ActiveCfg = Release|Any CPU
		{DA371112-0F06-4C20-B937-B5919833DEF3}.Release|Any CPU.Build.0 = Release|Any CPU
	EndGlobalSection
	GlobalSection(SolutionProperties) = preSolution
		HideSolutionNode = FALSE
	EndGlobalSection
	GlobalSection(ExtensibilityGlobals) = postSolution
		SolutionGuid = {49C8AE3F-67BF-4191-9E41-16C7A92B2E82}
	EndGlobalSection
EndGlobal
